
Microsoft Visual Studio Solution File, Format Version 12.00
# Visual Studio Version 16
VisualStudioVersion = 16.0.30114.105
MinimumVisualStudioVersion = 10.0.40219.1
Project("{FAE04EC0-301F-11D3-BF4B-00C04F79EFBC}") = "DatingApp.API", "DatingApp.API.csproj", "{2B6AD2B5-CD86-4753-B5D0-575903F598FA}"
EndProject
Global
	GlobalSection(SolutionConfigurationPlatforms) = preSolution
		Debug|Any CPU = Debug|Any CPU
		Release|Any CPU = Release|Any CPU
	EndGlobalSection
	GlobalSection(ProjectConfigurationPlatforms) = postSolution
		{2B6AD2B5-CD86-4753-B5D0-575903F598FA}.Debug|Any CPU.ActiveCfg = Debug|Any CPU
		{2B6AD2B5-CD86-4753-B5D0-575903F598FA}.Debug|Any CPU.Build.0 = Debug|Any CPU
		{2B6AD2B5-CD86-4753-B5D0-575903F598FA}.Release|Any CPU.ActiveCfg = Release|Any CPU
		{2B6AD2B5-CD86-4753-B5D0-575903F598FA}.Release|Any CPU.Build.0 = Release|Any CPU
	EndGlobalSection
	GlobalSection(SolutionProperties) = preSolution
		HideSolutionNode = FALSE
	EndGlobalSection
	GlobalSection(ExtensibilityGlobals) = postSolution
		SolutionGuid = {B5C88D81-90CB-41CD-82FD-3D7ABEA7A9EC}
	EndGlobalSection
EndGlobal
